
Microsoft Visual Studio Solution File, Format Version 12.00
# Visual Studio Version 16
VisualStudioVersion = 16.0.30320.27
MinimumVisualStudioVersion = 10.0.40219.1
Project("{FAE04EC0-301F-11D3-BF4B-00C04F79EFBC}") = "WindowsFormsApp1", "WindowsFormsApp1\WindowsFormsApp1.csproj", "{B32E27D9-1FB2-4F6E-97DD-733C1F027081}"
EndProject
Global
	GlobalSection(SolutionConfigurationPlatforms) = preSolution
		Debug|Any CPU = Debug|Any CPU
		Release|Any CPU = Release|Any CPU
	EndGlobalSection
	GlobalSection(ProjectConfigurationPlatforms) = postSolution
		{B32E27D9-1FB2-4F6E-97DD-733C1F027081}.Debug|Any CPU.ActiveCfg = Debug|Any CPU
		{B32E27D9-1FB2-4F6E-97DD-733C1F027081}.Debug|Any CPU.Build.0 = Debug|Any CPU
		{B32E27D9-1FB2-4F6E-97DD-733C1F027081}.Release|Any CPU.ActiveCfg = Release|Any CPU
		{B32E27D9-1FB2-4F6E-97DD-733C1F027081}.Release|Any CPU.Build.0 = Release|Any CPU
	EndGlobalSection
	GlobalSection(SolutionProperties) = preSolution
		HideSolutionNode = FALSE
	EndGlobalSection
	GlobalSection(ExtensibilityGlobals) = postSolution
		SolutionGuid = {F0C36C48-9113-42E2-A4A1-0899F501D893}
	EndGlobalSection
EndGlobal
